
Microsoft Visual Studio Solution File, Format Version 12.00
# Visual Studio Version 16
VisualStudioVersion = 16.0.29009.5
MinimumVisualStudioVersion = 10.0.40219.1
Project("{2150E333-8FDC-42A3-9474-1A3956D46DE8}") = "ApiGateways", "ApiGateways", "{FE71B0E9-2760-471C-82AE-753D7B03B203}"
EndProject
Project("{2150E333-8FDC-42A3-9474-1A3956D46DE8}") = "Clients", "Clients", "{130E0457-DDA7-485A-A460-46EB05209AA8}"
EndProject
Project("{9A19103F-16F7-4668-BE54-9A1E7A4F7556}") = "ComicVineService", "ApiGateways\ComicVineService\ComicVineService.csproj", "{9C91E7F5-84E7-4F81-A819-252AF721FA15}"
EndProject
Project("{FAE04EC0-301F-11D3-BF4B-00C04F79EFBC}") = "ComicVibe.App", "Clients\ComicVibe.App\ComicVibe.App.csproj", "{DC12CFFE-6E21-42B0-9C83-6106EBEB94D0}"
EndProject
Project("{9A19103F-16F7-4668-BE54-9A1E7A4F7556}") = "ComicVibe.App.Core", "Clients\ComicVibe.App.Core\ComicVibe.App.Core.csproj", "{2DE116CB-937F-456D-83C5-1BF92B94656E}"
EndProject
Global
	GlobalSection(SolutionConfigurationPlatforms) = preSolution
		Debug|Any CPU = Debug|Any CPU
		Debug|ARM = Debug|ARM
		Debug|x64 = Debug|x64
		Debug|x86 = Debug|x86
		Release|Any CPU = Release|Any CPU
		Release|ARM = Release|ARM
		Release|x64 = Release|x64
		Release|x86 = Release|x86
	EndGlobalSection
	GlobalSection(ProjectConfigurationPlatforms) = postSolution
		{9C91E7F5-84E7-4F81-A819-252AF721FA15}.Debug|Any CPU.ActiveCfg = Debug|Any CPU
		{9C91E7F5-84E7-4F81-A819-252AF721FA15}.Debug|Any CPU.Build.0 = Debug|Any CPU
		{9C91E7F5-84E7-4F81-A819-252AF721FA15}.Debug|ARM.ActiveCfg = Debug|Any CPU
		{9C91E7F5-84E7-4F81-A819-252AF721FA15}.Debug|ARM.Build.0 = Debug|Any CPU
		{9C91E7F5-84E7-4F81-A819-252AF721FA15}.Debug|x64.ActiveCfg = Debug|Any CPU
		{9C91E7F5-84E7-4F81-A819-252AF721FA15}.Debug|x64.Build.0 = Debug|Any CPU
		{9C91E7F5-84E7-4F81-A819-252AF721FA15}.Debug|x86.ActiveCfg = Debug|Any CPU
		{9C91E7F5-84E7-4F81-A819-252AF721FA15}.Debug|x86.Build.0 = Debug|Any CPU
		{9C91E7F5-84E7-4F81-A819-252AF721FA15}.Release|Any CPU.ActiveCfg = Release|Any CPU
		{9C91E7F5-84E7-4F81-A819-252AF721FA15}.Release|Any CPU.Build.0 = Release|Any CPU
		{9C91E7F5-84E7-4F81-A819-252AF721FA15}.Release|ARM.ActiveCfg = Release|Any CPU
		{9C91E7F5-84E7-4F81-A819-252AF721FA15}.Release|ARM.Build.0 = Release|Any CPU
		{9C91E7F5-84E7-4F81-A819-252AF721FA15}.Release|x64.ActiveCfg = Release|Any CPU
		{9C91E7F5-84E7-4F81-A819-252AF721FA15}.Release|x64.Build.0 = Release|Any CPU
		{9C91E7F5-84E7-4F81-A819-252AF721FA15}.Release|x86.ActiveCfg = Release|Any CPU
		{9C91E7F5-84E7-4F81-A819-252AF721FA15}.Release|x86.Build.0 = Release|Any CPU
		{DC12CFFE-6E21-42B0-9C83-6106EBEB94D0}.Debug|Any CPU.ActiveCfg = Debug|x86
		{DC12CFFE-6E21-42B0-9C83-6106EBEB94D0}.Debug|Any CPU.Build.0 = Debug|x86
		{DC12CFFE-6E21-42B0-9C83-6106EBEB94D0}.Debug|Any CPU.Deploy.0 = Debug|x86
		{DC12CFFE-6E21-42B0-9C83-6106EBEB94D0}.Debug|ARM.ActiveCfg = Debug|ARM
		{DC12CFFE-6E21-42B0-9C83-6106EBEB94D0}.Debug|ARM.Build.0 = Debug|ARM
		{DC12CFFE-6E21-42B0-9C83-6106EBEB94D0}.Debug|ARM.Deploy.0 = Debug|ARM
		{DC12CFFE-6E21-42B0-9C83-6106EBEB94D0}.Debug|x64.ActiveCfg = Debug|x64
		{DC12CFFE-6E21-42B0-9C83-6106EBEB94D0}.Debug|x64.Build.0 = Debug|x64
		{DC12CFFE-6E21-42B0-9C83-6106EBEB94D0}.Debug|x64.Deploy.0 = Debug|x64
		{DC12CFFE-6E21-42B0-9C83-6106EBEB94D0}.Debug|x86.ActiveCfg = Debug|x86
		{DC12CFFE-6E21-42B0-9C83-6106EBEB94D0}.Debug|x86.Build.0 = Debug|x86
		{DC12CFFE-6E21-42B0-9C83-6106EBEB94D0}.Debug|x86.Deploy.0 = Debug|x86
		{DC12CFFE-6E21-42B0-9C83-6106EBEB94D0}.Release|Any CPU.ActiveCfg = Release|x86
		{DC12CFFE-6E21-42B0-9C83-6106EBEB94D0}.Release|ARM.ActiveCfg = Release|ARM
		{DC12CFFE-6E21-42B0-9C83-6106EBEB94D0}.Release|ARM.Build.0 = Release|ARM
		{DC12CFFE-6E21-42B0-9C83-6106EBEB94D0}.Release|ARM.Deploy.0 = Release|ARM
		{DC12CFFE-6E21-42B0-9C83-6106EBEB94D0}.Release|x64.ActiveCfg = Release|x64
		{DC12CFFE-6E21-42B0-9C83-6106EBEB94D0}.Release|x64.Build.0 = Release|x64
		{DC12CFFE-6E21-42B0-9C83-6106EBEB94D0}.Release|x64.Deploy.0 = Release|x64
		{DC12CFFE-6E21-42B0-9C83-6106EBEB94D0}.Release|x86.ActiveCfg = Release|x86
		{DC12CFFE-6E21-42B0-9C83-6106EBEB94D0}.Release|x86.Build.0 = Release|x86
		{DC12CFFE-6E21-42B0-9C83-6106EBEB94D0}.Release|x86.Deploy.0 = Release|x86
		{2DE116CB-937F-456D-83C5-1BF92B94656E}.Debug|Any CPU.ActiveCfg = Debug|Any CPU
		{2DE116CB-937F-456D-83C5-1BF92B94656E}.Debug|Any CPU.Build.0 = Debug|Any CPU
		{2DE116CB-937F-456D-83C5-1BF92B94656E}.Debug|ARM.ActiveCfg = Debug|Any CPU
		{2DE116CB-937F-456D-83C5-1BF92B94656E}.Debug|ARM.Build.0 = Debug|Any CPU
		{2DE116CB-937F-456D-83C5-1BF92B94656E}.Debug|x64.ActiveCfg = Debug|Any CPU
		{2DE116CB-937F-456D-83C5-1BF92B94656E}.Debug|x64.Build.0 = Debug|Any CPU
		{2DE116CB-937F-456D-83C5-1BF92B94656E}.Debug|x86.ActiveCfg = Debug|Any CPU
		{2DE116CB-937F-456D-83C5-1BF92B94656E}.Debug|x86.Build.0 = Debug|Any CPU
		{2DE116CB-937F-456D-83C5-1BF92B94656E}.Release|Any CPU.ActiveCfg = Release|Any CPU
		{2DE116CB-937F-456D-83C5-1BF92B94656E}.Release|Any CPU.Build.0 = Release|Any CPU
		{2DE116CB-937F-456D-83C5-1BF92B94656E}.Release|ARM.ActiveCfg = Release|Any CPU
		{2DE116CB-937F-456D-83C5-1BF92B94656E}.Release|ARM.Build.0 = Release|Any CPU
		{2DE116CB-937F-456D-83C5-1BF92B94656E}.Release|x64.ActiveCfg = Release|Any CPU
		{2DE116CB-937F-456D-83C5-1BF92B94656E}.Release|x64.Build.0 = Release|Any CPU
		{2DE116CB-937F-456D-83C5-1BF92B94656E}.Release|x86.ActiveCfg = Release|Any CPU
		{2DE116CB-937F-456D-83C5-1BF92B94656E}.Release|x86.Build.0 = Release|Any CPU
	EndGlobalSection
	GlobalSection(SolutionProperties) = preSolution
		HideSolutionNode = FALSE
	EndGlobalSection
	GlobalSection(NestedProjects) = preSolution
		{9C91E7F5-84E7-4F81-A819-252AF721FA15} = {FE71B0E9-2760-471C-82AE-753D7B03B203}
		{DC12CFFE-6E21-42B0-9C83-6106EBEB94D0} = {130E0457-DDA7-485A-A460-46EB05209AA8}
		{2DE116CB-937F-456D-83C5-1BF92B94656E} = {130E0457-DDA7-485A-A460-46EB05209AA8}
	EndGlobalSection
	GlobalSection(ExtensibilityGlobals) = postSolution
		SolutionGuid = {844076C1-D4DF-40E5-9508-D5B102CF940A}
	EndGlobalSection
EndGlobal
